// !$*UTF8*$!
{
	archiveVersion = 1;
	classes = {
	};
	objectVersion = 50;
	objects = {

/* Begin PBXBuildFile section */
		227538C52810976400DFEED9 /* AppDelegate.swift in Sources */ = {isa = PBXBuildFile; fileRef = 227538C42810976400DFEED9 /* AppDelegate.swift */; };
		227538C72810976400DFEED9 /* SceneDelegate.swift in Sources */ = {isa = PBXBuildFile; fileRef = 227538C62810976400DFEED9 /* SceneDelegate.swift */; };
		227538C92810976400DFEED9 /* ViewController.swift in Sources */ = {isa = PBXBuildFile; fileRef = 227538C82810976400DFEED9 /* ViewController.swift */; };
		227538CC2810976400DFEED9 /* Main.storyboard in Resources */ = {isa = PBXBuildFile; fileRef = 227538CA2810976400DFEED9 /* Main.storyboard */; };
		227538CF2810976400DFEED9 /* ArtBookProject.xcdatamodeld in Sources */ = {isa = PBXBuildFile; fileRef = 227538CD2810976400DFEED9 /* ArtBookProject.xcdatamodeld */; };
		227538D12810976600DFEED9 /* Assets.xcassets in Resources */ = {isa = PBXBuildFile; fileRef = 227538D02810976600DFEED9 /* Assets.xcassets */; };
		227538D42810976600DFEED9 /* LaunchScreen.storyboard in Resources */ = {isa = PBXBuildFile; fileRef = 227538D22810976600DFEED9 /* LaunchScreen.storyboard */; };
		227538DC2810997C00DFEED9 /* DetailsVC.swift in Sources */ = {isa = PBXBuildFile; fileRef = 227538DB2810997C00DFEED9 /* DetailsVC.swift */; };
		227538DE2810A2D500DFEED9 /* select.png in Resources */ = {isa = PBXBuildFile; fileRef = 227538DD2810A2D300DFEED9 /* select.png */; };
/* End PBXBuildFile section */

/* Begin PBXFileReference section */
		227538C12810976400DFEED9 /* ArtBookProject.app */ = {isa = PBXFileReference; explicitFileType = wrapper.application; includeInIndex = 0; path = ArtBookProject.app; sourceTree = BUILT_PRODUCTS_DIR; };
		227538C42810976400DFEED9 /* AppDelegate.swift */ = {isa = PBXFileReference; lastKnownFileType = sourcecode.swift; path = AppDelegate.swift; sourceTree = "<group>"; };
		227538C62810976400DFEED9 /* SceneDelegate.swift */ = {isa = PBXFileReference; lastKnownFileType = sourcecode.swift; path = SceneDelegate.swift; sourceTree = "<group>"; };
		227538C82810976400DFEED9 /* ViewController.swift */ = {isa = PBXFileReference; lastKnownFileType = sourcecode.swift; path = ViewController.swift; sourceTree = "<group>"; };
		227538CB2810976400DFEED9 /* Base */ = {isa = PBXFileReference; lastKnownFileType = file.storyboard; name = Base; path = Base.lproj/Main.storyboard; sourceTree = "<group>"; };
		227538CE2810976400DFEED9 /* ArtBookProject.xcdatamodel */ = {isa = PBXFileReference; lastKnownFileType = wrapper.xcdatamodel; path = ArtBookProject.xcdatamodel; sourceTree = "<group>"; };
		227538D02810976600DFEED9 /* Assets.xcassets */ = {isa = PBXFileReference; lastKnownFileType = folder.assetcatalog; path = Assets.xcassets; sourceTree = "<group>"; };
		227538D32810976600DFEED9 /* Base */ = {isa = PBXFileReference; lastKnownFileType = file.storyboard; name = Base; path = Base.lproj/LaunchScreen.storyboard; sourceTree = "<group>"; };
		227538D52810976600DFEED9 /* Info.plist */ = {isa = PBXFileReference; lastKnownFileType = text.plist.xml; path = Info.plist; sourceTree = "<group>"; };
		227538DB2810997C00DFEED9 /* DetailsVC.swift */ = {isa = PBXFileReference; lastKnownFileType = sourcecode.swift; path = DetailsVC.swift; sourceTree = "<group>"; };
		227538DD2810A2D300DFEED9 /* select.png */ = {isa = PBXFileReference; lastKnownFileType = image.png; path = select.png; sourceTree = "<group>"; };
/* End PBXFileReference section */

/* Begin PBXFrameworksBuildPhase section */
		227538BE2810976400DFEED9 /* Frameworks */ = {
			isa = PBXFrameworksBuildPhase;
			buildActionMask = 2147483647;
			files = (
			);
			runOnlyForDeploymentPostprocessing = 0;
		};
/* End PBXFrameworksBuildPhase section */

/* Begin PBXGroup section */
		227538B82810976400DFEED9 = {
			isa = PBXGroup;
			children = (
				227538C32810976400DFEED9 /* ArtBookProject */,
				227538C22810976400DFEED9 /* Products */,
			);
			sourceTree = "<group>";
		};
		227538C22810976400DFEED9 /* Products */ = {
			isa = PBXGroup;
			children = (
				227538C12810976400DFEED9 /* ArtBookProject.app */,
			);
			name = Products;
			sourceTree = "<group>";
		};
		227538C32810976400DFEED9 /* ArtBookProject */ = {
			isa = PBXGroup;
			children = (
				227538C42810976400DFEED9 /* AppDelegate.swift */,
				227538C62810976400DFEED9 /* SceneDelegate.swift */,
				227538C82810976400DFEED9 /* ViewController.swift */,
				227538CA2810976400DFEED9 /* Main.storyboard */,
				227538D02810976600DFEED9 /* Assets.xcassets */,
				227538D22810976600DFEED9 /* LaunchScreen.storyboard */,
				227538D52810976600DFEED9 /* Info.plist */,
				227538CD2810976400DFEED9 /* ArtBookProject.xcdatamodeld */,
				227538DB2810997C00DFEED9 /* DetailsVC.swift */,
				227538DD2810A2D300DFEED9 /* select.png */,
			);
			path = ArtBookProject;
			sourceTree = "<group>";
		};
/* End PBXGroup section */

/* Begin PBXNativeTarget section */
		227538C02810976400DFEED9 /* ArtBookProject */ = {
			isa = PBXNativeTarget;
			buildConfigurationList = 227538D82810976600DFEED9 /* Build configuration list for PBXNativeTarget "ArtBookProject" */;
			buildPhases = (
				227538BD2810976400DFEED9 /* Sources */,
				227538BE2810976400DFEED9 /* Frameworks */,
				227538BF2810976400DFEED9 /* Resources */,
			);
			buildRules = (
			);
			dependencies = (
			);
			name = ArtBookProject;
			productName = ArtBookProject;
			productReference = 227538C12810976400DFEED9 /* ArtBookProject.app */;
			productType = "com.apple.product-type.application";
		};
/* End PBXNativeTarget section */

/* Begin PBXProject section */
		227538B92810976400DFEED9 /* Project object */ = {
			isa = PBXProject;
			attributes = {
				LastSwiftUpdateCheck = 1250;
				LastUpgradeCheck = 1250;
				TargetAttributes = {
					227538C02810976400DFEED9 = {
						CreatedOnToolsVersion = 12.5;
					};
				};
			};
			buildConfigurationList = 227538BC2810976400DFEED9 /* Build configuration list for PBXProject "ArtBookProject" */;
			compatibilityVersion = "Xcode 9.3";
			developmentRegion = en;
			hasScannedForEncodings = 0;
			knownRegions = (
				en,
				Base,
			);
			mainGroup = 227538B82810976400DFEED9;
			productRefGroup = 227538C22810976400DFEED9 /* Products */;
			projectDirPath = "";
			projectRoot = "";
			targets = (
				227538C02810976400DFEED9 /* ArtBookProject */,
			);
		};
/* End PBXProject section */

/* Begin PBXResourcesBuildPhase section */
		227538BF2810976400DFEED9 /* Resources */ = {
			isa = PBXResourcesBuildPhase;
			buildActionMask = 2147483647;
			files = (
				227538D42810976600DFEED9 /* LaunchScreen.storyboard in Resources */,
				227538DE2810A2D500DFEED9 /* select.png in Resources */,
				227538D12810976600DFEED9 /* Assets.xcassets in Resources */,
				227538CC2810976400DFEED9 /* Main.storyboard in Resources */,
			);
			runOnlyForDeploymentPostprocessing = 0;
		};
/* End PBXResourcesBuildPhase section */

/* Begin PBXSourcesBuildPhase section */
		227538BD2810976400DFEED9 /* Sources */ = {
			isa = PBXSourcesBuildPhase;
			buildActionMask = 2147483647;
			files = (
				227538CF2810976400DFEED9 /* ArtBookProject.xcdatamodeld in Sources */,
				227538C92810976400DFEED9 /* ViewController.swift in Sources */,
				227538C52810976400DFEED9 /* AppDelegate.swift in Sources */,
				227538C72810976400DFEED9 /* SceneDelegate.swift in Sources */,
				227538DC2810997C00DFEED9 /* DetailsVC.swift in Sources */,
			);
			runOnlyForDeploymentPostprocessing = 0;
		};
/* End PBXSourcesBuildPhase section */

/* Begin PBXVariantGroup section */
		227538CA2810976400DFEED9 /* Main.storyboard */ = {
			isa = PBXVariantGroup;
			children = (
				227538CB2810976400DFEED9 /* Base */,
			);
			name = Main.storyboard;
			sourceTree = "<group>";
		};
		227538D22810976600DFEED9 /* LaunchScreen.storyboard */ = {
			isa = PBXVariantGroup;
			children = (
				227538D32810976600DFEED9 /* Base */,
			);
			name = LaunchScreen.storyboard;
			sourceTree = "<group>";
		};
/* End PBXVariantGroup section */

/* Begin XCBuildConfiguration section */
		227538D62810976600DFEED9 /* Debug */ = {
			isa = XCBuildConfiguration;
			buildSettings = {
				ALWAYS_SEARCH_USER_PATHS = NO;
				CLANG_ANALYZER_NONNULL = YES;
				CLANG_ANALYZER_NUMBER_OBJECT_CONVERSION = YES_AGGRESSIVE;
				CLANG_CXX_LANGUAGE_STANDARD = "gnu++14";
				CLANG_CXX_LIBRARY = "libc++";
				CLANG_ENABLE_MODULES = YES;
				CLANG_ENABLE_OBJC_ARC = YES;
				CLANG_ENABLE_OBJC_WEAK = YES;
				CLANG_WARN_BLOCK_CAPTURE_AUTORELEASING = YES;
				CLANG_WARN_BOOL_CONVERSION = YES;
				CLANG_WARN_COMMA = YES;
				CLANG_WARN_CONSTANT_CONVERSION = YES;
				CLANG_WARN_DEPRECATED_OBJC_IMPLEMENTATIONS = YES;
				CLANG_WARN_DIRECT_OBJC_ISA_USAGE = YES_ERROR;
				CLANG_WARN_DOCUMENTATION_COMMENTS = YES;
				CLANG_WARN_EMPTY_BODY = YES;
				CLANG_WARN_ENUM_CONVERSION = YES;
				CLANG_WARN_INFINITE_RECURSION = YES;
				CLANG_WARN_INT_CONVERSION = YES;
				CLANG_WARN_NON_LITERAL_NULL_CONVERSION = YES;
				CLANG_WARN_OBJC_IMPLICIT_RETAIN_SELF = YES;
				CLANG_WARN_OBJC_LITERAL_CONVERSION = YES;
				CLANG_WARN_OBJC_ROOT_CLASS = YES_ERROR;
				CLANG_WARN_QUOTED_INCLUDE_IN_FRAMEWORK_HEADER = YES;
				CLANG_WARN_RANGE_LOOP_ANALYSIS = YES;
				CLANG_WARN_STRICT_PROTOTYPES = YES;
				CLANG_WARN_SUSPICIOUS_MOVE = YES;
				CLANG_WARN_UNGUARDED_AVAILABILITY = YES_AGGRESSIVE;
				CLANG_WARN_UNREACHABLE_CODE = YES;
				CLANG_WARN__DUPLICATE_METHOD_MATCH = YES;
				COPY_PHASE_STRIP = NO;
				DEBUG_INFORMATION_FORMAT = dwarf;
				ENABLE_STRICT_OBJC_MSGSEND = YES;
				ENABLE_TESTABILITY = YES;
				GCC_C_LANGUAGE_STANDARD = gnu11;
				GCC_DYNAMIC_NO_PIC = NO;
				GCC_NO_COMMON_BLOCKS = YES;
				GCC_OPTIMIZATION_LEVEL = 0;
				GCC_PREPROCESSOR_DEFINITIONS = (
					"DEBUG=1",
					"$(inherited)",
				);
				GCC_WARN_64_TO_32_BIT_CONVERSION = YES;
				GCC_WARN_ABOUT_RETURN_TYPE = YES_ERROR;
				GCC_WARN_UNDECLARED_SELECTOR = YES;
				GCC_WARN_UNINITIALIZED_AUTOS = YES_AGGRESSIVE;
				GCC_WARN_UNUSED_FUNCTION = YES;
				GCC_WARN_UNUSED_VARIABLE = YES;
				IPHONEOS_DEPLOYMENT_TARGET = 14.5;
				MTL_ENABLE_DEBUG_INFO = INCLUDE_SOURCE;
				MTL_FAST_MATH = YES;
				ONLY_ACTIVE_ARCH = YES;
				SDKROOT = iphoneos;
				SWIFT_ACTIVE_COMPILATION_CONDITIONS = DEBUG;
				SWIFT_OPTIMIZATION_LEVEL = "-Onone";
			};
			name = Debug;
		};
		227538D72810976600DFEED9 /* Release */ = {
			isa = XCBuildConfiguration;
			buildSettings = {
				ALWAYS_SEARCH_USER_PATHS = NO;
				CLANG_ANALYZER_NONNULL = YES;
				CLANG_ANALYZER_NUMBER_OBJECT_CONVERSION = YES_AGGRESSIVE;
				CLANG_CXX_LANGUAGE_STANDARD = "gnu++14";
				CLANG_CXX_LIBRARY = "libc++";
				CLANG_ENABLE_MODULES = YES;
				CLANG_ENABLE_OBJC_ARC = YES;
				CLANG_ENABLE_OBJC_WEAK = YES;
				CLANG_WARN_BLOCK_CAPTURE_AUTORELEASING = YES;
				CLANG_WARN_BOOL_CONVERSION = YES;
				CLANG_WARN_COMMA = YES;
				CLANG_WARN_CONSTANT_CONVERSION = YES;
				CLANG_WARN_DEPRECATED_OBJC_IMPLEMENTATIONS = YES;
				CLANG_WARN_DIRECT_OBJC_ISA_USAGE = YES_ERROR;
				CLANG_WARN_DOCUMENTATION_COMMENTS = YES;
				CLANG_WARN_EMPTY_BODY = YES;
				CLANG_WARN_ENUM_CONVERSION = YES;
				CLANG_WARN_INFINITE_RECURSION = YES;
				CLANG_WARN_INT_CONVERSION = YES;
				CLANG_WARN_NON_LITERAL_NULL_CONVERSION = YES;
				CLANG_WARN_OBJC_IMPLICIT_RETAIN_SELF = YES;
				CLANG_WARN_OBJC_LITERAL_CONVERSION = YES;
				CLANG_WARN_OBJC_ROOT_CLASS = YES_ERROR;
				CLANG_WARN_QUOTED_INCLUDE_IN_FRAMEWORK_HEADER = YES;
				CLANG_WARN_RANGE_LOOP_ANALYSIS = YES;
				CLANG_WARN_STRICT_PROTOTYPES = YES;
				CLANG_WARN_SUSPICIOUS_MOVE = YES;
				CLANG_WARN_UNGUARDED_AVAILABILITY = YES_AGGRESSIVE;
				CLANG_WARN_UNREACHABLE_CODE = YES;
				CLANG_WARN__DUPLICATE_METHOD_MATCH = YES;
				COPY_PHASE_STRIP = NO;
				DEBUG_INFORMATION_FORMAT = "dwarf-with-dsym";
				ENABLE_NS_ASSERTIONS = NO;
				ENABLE_STRICT_OBJC_MSGSEND = YES;
				GCC_C_LANGUAGE_STANDARD = gnu11;
				GCC_NO_COMMON_BLOCKS = YES;
				GCC_WARN_64_TO_32_BIT_CONVERSION = YES;
				GCC_WARN_ABOUT_RETURN_TYPE = YES_ERROR;
				GCC_WARN_UNDECLARED_SELECTOR = YES;
				GCC_WARN_UNINITIALIZED_AUTOS = YES_AGGRESSIVE;
				GCC_WARN_UNUSED_FUNCTION = YES;
				GCC_WARN_UNUSED_VARIABLE = YES;
				IPHONEOS_DEPLOYMENT_TARGET = 14.5;
				MTL_ENABLE_DEBUG_INFO = NO;
				MTL_FAST_MATH = YES;
				SDKROOT = iphoneos;
				SWIFT_COMPILATION_MODE = wholemodule;
				SWIFT_OPTIMIZATION_LEVEL = "-O";
				VALIDATE_PRODUCT = YES;
			};
			name = Release;
		};
		227538D92810976600DFEED9 /* Debug */ = {
			isa = XCBuildConfiguration;
			buildSettings = {
				ASSETCATALOG_COMPILER_APPICON_NAME = AppIcon;
				ASSETCATALOG_COMPILER_GLOBAL_ACCENT_COLOR_NAME = AccentColor;
				CODE_SIGN_STYLE = Automatic;
				DEVELOPMENT_TEAM = 5V98SY3ZDM;
				INFOPLIST_FILE = ArtBookProject/Info.plist;
				LD_RUNPATH_SEARCH_PATHS = (
					"$(inherited)",
					"@executable_path/Frameworks",
				);
				PRODUCT_BUNDLE_IDENTIFIER = samet.ArtBookProject;
				PRODUCT_NAME = "$(TARGET_NAME)";
				SWIFT_VERSION = 5.0;
				TARGETED_DEVICE_FAMILY = "1,2";
			};
			name = Debug;
		};
		227538DA2810976600DFEED9 /* Release */ = {
			isa = XCBuildConfiguration;
			buildSettings = {
				ASSETCATALOG_COMPILER_APPICON_NAME = AppIcon;
				ASSETCATALOG_COMPILER_GLOBAL_ACCENT_COLOR_NAME = AccentColor;
				CODE_SIGN_STYLE = Automatic;
				DEVELOPMENT_TEAM = 5V98SY3ZDM;
				INFOPLIST_FILE = ArtBookProject/Info.plist;
				LD_RUNPATH_SEARCH_PATHS = (
					"$(inherited)",
					"@executable_path/Frameworks",
				);
				PRODUCT_BUNDLE_IDENTIFIER = samet.ArtBookProject;
				PRODUCT_NAME = "$(TARGET_NAME)";
				SWIFT_VERSION = 5.0;
				TARGETED_DEVICE_FAMILY = "1,2";
			};
			name = Release;
		};
/* End XCBuildConfiguration section */

/* Begin XCConfigurationList section */
		227538BC2810976400DFEED9 /* Build configuration list for PBXProject "ArtBookProject" */ = {
			isa = XCConfigurationList;
			buildConfigurations = (
				227538D62810976600DFEED9 /* Debug */,
				227538D72810976600DFEED9 /* Release */,
			);
			defaultConfigurationIsVisible = 0;
			defaultConfigurationName = Release;
		};
		227538D82810976600DFEED9 /* Build configuration list for PBXNativeTarget "ArtBookProject" */ = {
			isa = XCConfigurationList;
			buildConfigurations = (
				227538D92810976600DFEED9 /* Debug */,
				227538DA2810976600DFEED9 /* Release */,
			);
			defaultConfigurationIsVisible = 0;
			defaultConfigurationName = Release;
		};
/* End XCConfigurationList section */

/* Begin XCVersionGroup section */
		227538CD2810976400DFEED9 /* ArtBookProject.xcdatamodeld */ = {
			isa = XCVersionGroup;
			children = (
				227538CE2810976400DFEED9 /* ArtBookProject.xcdatamodel */,
			);
			currentVersion = 227538CE2810976400DFEED9 /* ArtBookProject.xcdatamodel */;
			path = ArtBookProject.xcdatamodeld;
			sourceTree = "<group>";
			versionGroupType = wrapper.xcdatamodel;
		};
/* End XCVersionGroup section */
	};
	rootObject = 227538B92810976400DFEED9 /* Project object */;
}
